
Microsoft Visual Studio Solution File, Format Version 12.00
# Visual Studio Version 17
VisualStudioVersion = 17.8.34601.278
MinimumVisualStudioVersion = 10.0.40219.1
Project("{FAE04EC0-301F-11D3-BF4B-00C04F79EFBC}") = "Frelsex", "Frelsex\Frelsex.csproj", "{8A6641DA-AC24-48AA-8328-A5CF13064F34}"
EndProject
Global
	GlobalSection(SolutionConfigurationPlatforms) = preSolution
		Debug|Any CPU = Debug|Any CPU
		Release|Any CPU = Release|Any CPU
	EndGlobalSection
	GlobalSection(ProjectConfigurationPlatforms) = postSolution
		{8A6641DA-AC24-48AA-8328-A5CF13064F34}.Debug|Any CPU.ActiveCfg = Debug|Any CPU
		{8A6641DA-AC24-48AA-8328-A5CF13064F34}.Debug|Any CPU.Build.0 = Debug|Any CPU
		{8A6641DA-AC24-48AA-8328-A5CF13064F34}.Release|Any CPU.ActiveCfg = Release|Any CPU
		{8A6641DA-AC24-48AA-8328-A5CF13064F34}.Release|Any CPU.Build.0 = Release|Any CPU
	EndGlobalSection
	GlobalSection(SolutionProperties) = preSolution
		HideSolutionNode = FALSE
	EndGlobalSection
	GlobalSection(ExtensibilityGlobals) = postSolution
		SolutionGuid = {674A7D38-D51B-415F-A9AC-A90BD7483E02}
	EndGlobalSection
EndGlobal
